
Microsoft Visual Studio Solution File, Format Version 12.00
# Visual Studio 15
VisualStudioVersion = 15.0.28307.438
MinimumVisualStudioVersion = 10.0.40219.1
Project("{FAE04EC0-301F-11D3-BF4B-00C04F79EFBC}") = "CadeMeuMedico", "CadeMeuMedico\CadeMeuMedico.csproj", "{68084128-D5D8-4E67-BDF9-E00E352618D1}"
EndProject
Global
	GlobalSection(SolutionConfigurationPlatforms) = preSolution
		Debug|Any CPU = Debug|Any CPU
		Release|Any CPU = Release|Any CPU
	EndGlobalSection
	GlobalSection(ProjectConfigurationPlatforms) = postSolution
		{68084128-D5D8-4E67-BDF9-E00E352618D1}.Debug|Any CPU.ActiveCfg = Debug|Any CPU
		{68084128-D5D8-4E67-BDF9-E00E352618D1}.Debug|Any CPU.Build.0 = Debug|Any CPU
		{68084128-D5D8-4E67-BDF9-E00E352618D1}.Release|Any CPU.ActiveCfg = Release|Any CPU
		{68084128-D5D8-4E67-BDF9-E00E352618D1}.Release|Any CPU.Build.0 = Release|Any CPU
	EndGlobalSection
	GlobalSection(SolutionProperties) = preSolution
		HideSolutionNode = FALSE
	EndGlobalSection
	GlobalSection(ExtensibilityGlobals) = postSolution
		SolutionGuid = {A96FD284-726D-474D-BC55-2636CCCDAF82}
	EndGlobalSection
EndGlobal
